
Microsoft Visual Studio Solution File, Format Version 12.00
# Visual Studio Version 16
VisualStudioVersion = 16.0.31005.135
MinimumVisualStudioVersion = 10.0.40219.1
Project("{9A19103F-16F7-4668-BE54-9A1E7A4F7556}") = "TreeSize", "TreeSize.csproj", "{1778C2DD-CCB4-474E-8A76-4215422689A9}"
EndProject
Global
	GlobalSection(SolutionConfigurationPlatforms) = preSolution
		Debug|Any CPU = Debug|Any CPU
		Release|Any CPU = Release|Any CPU
	EndGlobalSection
	GlobalSection(ProjectConfigurationPlatforms) = postSolution
		{1778C2DD-CCB4-474E-8A76-4215422689A9}.Debug|Any CPU.ActiveCfg = Debug|Any CPU
		{1778C2DD-CCB4-474E-8A76-4215422689A9}.Debug|Any CPU.Build.0 = Debug|Any CPU
		{1778C2DD-CCB4-474E-8A76-4215422689A9}.Release|Any CPU.ActiveCfg = Release|Any CPU
		{1778C2DD-CCB4-474E-8A76-4215422689A9}.Release|Any CPU.Build.0 = Release|Any CPU
	EndGlobalSection
	GlobalSection(SolutionProperties) = preSolution
		HideSolutionNode = FALSE
	EndGlobalSection
	GlobalSection(ExtensibilityGlobals) = postSolution
		SolutionGuid = {F189B4FE-2677-4536-806C-A53F9ABEE696}
	EndGlobalSection
EndGlobal
